
Microsoft Visual Studio Solution File, Format Version 12.00
# Visual Studio 2012
Project("{FAE04EC0-301F-11D3-BF4B-00C04F79EFBC}") = "NeuronVisionTry", "NeuronVisionTry\NeuronVisionTry.csproj", "{060FBCF4-1057-4439-B3B1-E2EFFE219858}"
EndProject
Global
	GlobalSection(SolutionConfigurationPlatforms) = preSolution
		Debug|Any CPU = Debug|Any CPU
		Release|Any CPU = Release|Any CPU
	EndGlobalSection
	GlobalSection(ProjectConfigurationPlatforms) = postSolution
		{060FBCF4-1057-4439-B3B1-E2EFFE219858}.Debug|Any CPU.ActiveCfg = Debug|Any CPU
		{060FBCF4-1057-4439-B3B1-E2EFFE219858}.Debug|Any CPU.Build.0 = Debug|Any CPU
		{060FBCF4-1057-4439-B3B1-E2EFFE219858}.Release|Any CPU.ActiveCfg = Release|Any CPU
		{060FBCF4-1057-4439-B3B1-E2EFFE219858}.Release|Any CPU.Build.0 = Release|Any CPU
	EndGlobalSection
	GlobalSection(SolutionProperties) = preSolution
		HideSolutionNode = FALSE
	EndGlobalSection
EndGlobal
